
Microsoft Visual Studio Solution File, Format Version 12.00
# Visual Studio Version 16
VisualStudioVersion = 16.0.29123.88
MinimumVisualStudioVersion = 10.0.40219.1
Project("{FAE04EC0-301F-11D3-BF4B-00C04F79EFBC}") = "Cap03_Ex05", "Cap03_Ex05.csproj", "{24586C26-CBA4-4863-925E-0DDB2E99E751}"
EndProject
Global
	GlobalSection(SolutionConfigurationPlatforms) = preSolution
		Debug|Any CPU = Debug|Any CPU
		Release|Any CPU = Release|Any CPU
	EndGlobalSection
	GlobalSection(ProjectConfigurationPlatforms) = postSolution
		{24586C26-CBA4-4863-925E-0DDB2E99E751}.Debug|Any CPU.ActiveCfg = Debug|Any CPU
		{24586C26-CBA4-4863-925E-0DDB2E99E751}.Debug|Any CPU.Build.0 = Debug|Any CPU
		{24586C26-CBA4-4863-925E-0DDB2E99E751}.Release|Any CPU.ActiveCfg = Release|Any CPU
		{24586C26-CBA4-4863-925E-0DDB2E99E751}.Release|Any CPU.Build.0 = Release|Any CPU
	EndGlobalSection
	GlobalSection(SolutionProperties) = preSolution
		HideSolutionNode = FALSE
	EndGlobalSection
	GlobalSection(ExtensibilityGlobals) = postSolution
		SolutionGuid = {69621247-5028-4E63-BE78-5751AB369499}
	EndGlobalSection
EndGlobal
