
Microsoft Visual Studio Solution File, Format Version 12.00
# Visual Studio Version 16
VisualStudioVersion = 16.0.29409.12
MinimumVisualStudioVersion = 10.0.40219.1
Project("{FAE04EC0-301F-11D3-BF4B-00C04F79EFBC}") = "CalculaPoupanca", "CalculaPoupanca.csproj", "{21BC6359-CE23-4678-BD07-BF3FB1011E62}"
EndProject
Global
	GlobalSection(SolutionConfigurationPlatforms) = preSolution
		Debug|Any CPU = Debug|Any CPU
		Release|Any CPU = Release|Any CPU
	EndGlobalSection
	GlobalSection(ProjectConfigurationPlatforms) = postSolution
		{21BC6359-CE23-4678-BD07-BF3FB1011E62}.Debug|Any CPU.ActiveCfg = Debug|Any CPU
		{21BC6359-CE23-4678-BD07-BF3FB1011E62}.Debug|Any CPU.Build.0 = Debug|Any CPU
		{21BC6359-CE23-4678-BD07-BF3FB1011E62}.Release|Any CPU.ActiveCfg = Release|Any CPU
		{21BC6359-CE23-4678-BD07-BF3FB1011E62}.Release|Any CPU.Build.0 = Release|Any CPU
	EndGlobalSection
	GlobalSection(SolutionProperties) = preSolution
		HideSolutionNode = FALSE
	EndGlobalSection
	GlobalSection(ExtensibilityGlobals) = postSolution
		SolutionGuid = {B6B3387D-5B11-40B1-9D71-54DA8A53408F}
	EndGlobalSection
EndGlobal
