
Microsoft Visual Studio Solution File, Format Version 12.00
# Visual Studio Version 16
VisualStudioVersion = 16.0.29123.88
MinimumVisualStudioVersion = 10.0.40219.1
Project("{FAE04EC0-301F-11D3-BF4B-00C04F79EFBC}") = "Cap02_Ex05", "Cap02_Ex05.csproj", "{AEF511B8-23D7-48AC-A379-13C869AC634E}"
EndProject
Global
	GlobalSection(SolutionConfigurationPlatforms) = preSolution
		Debug|Any CPU = Debug|Any CPU
		Release|Any CPU = Release|Any CPU
	EndGlobalSection
	GlobalSection(ProjectConfigurationPlatforms) = postSolution
		{AEF511B8-23D7-48AC-A379-13C869AC634E}.Debug|Any CPU.ActiveCfg = Debug|Any CPU
		{AEF511B8-23D7-48AC-A379-13C869AC634E}.Debug|Any CPU.Build.0 = Debug|Any CPU
		{AEF511B8-23D7-48AC-A379-13C869AC634E}.Release|Any CPU.ActiveCfg = Release|Any CPU
		{AEF511B8-23D7-48AC-A379-13C869AC634E}.Release|Any CPU.Build.0 = Release|Any CPU
	EndGlobalSection
	GlobalSection(SolutionProperties) = preSolution
		HideSolutionNode = FALSE
	EndGlobalSection
	GlobalSection(ExtensibilityGlobals) = postSolution
		SolutionGuid = {A42FBDAA-0D38-4E9F-8C48-6C48252E5B58}
	EndGlobalSection
EndGlobal
