
Microsoft Visual Studio Solution File, Format Version 12.00
# Visual Studio 15
VisualStudioVersion = 15.0.28307.757
MinimumVisualStudioVersion = 10.0.40219.1
Project("{FAE04EC0-301F-11D3-BF4B-00C04F79EFBC}") = "Cap03_Ex017", "Cap03_Ex017\Cap03_Ex017.csproj", "{92CDD10B-4189-4F2A-B06D-742770681550}"
EndProject
Global
	GlobalSection(SolutionConfigurationPlatforms) = preSolution
		Debug|Any CPU = Debug|Any CPU
		Release|Any CPU = Release|Any CPU
	EndGlobalSection
	GlobalSection(ProjectConfigurationPlatforms) = postSolution
		{92CDD10B-4189-4F2A-B06D-742770681550}.Debug|Any CPU.ActiveCfg = Debug|Any CPU
		{92CDD10B-4189-4F2A-B06D-742770681550}.Debug|Any CPU.Build.0 = Debug|Any CPU
		{92CDD10B-4189-4F2A-B06D-742770681550}.Release|Any CPU.ActiveCfg = Release|Any CPU
		{92CDD10B-4189-4F2A-B06D-742770681550}.Release|Any CPU.Build.0 = Release|Any CPU
	EndGlobalSection
	GlobalSection(SolutionProperties) = preSolution
		HideSolutionNode = FALSE
	EndGlobalSection
	GlobalSection(ExtensibilityGlobals) = postSolution
		SolutionGuid = {842E3319-37AC-4267-B918-7E141CEE23BF}
	EndGlobalSection
EndGlobal
