
Microsoft Visual Studio Solution File, Format Version 12.00
# Visual Studio Version 16
VisualStudioVersion = 16.0.29409.12
MinimumVisualStudioVersion = 10.0.40219.1
Project("{FAE04EC0-301F-11D3-BF4B-00C04F79EFBC}") = "VariaveisTexto", "VariaveisTexto.csproj", "{64036A14-569D-4342-8B0B-69CFB7B30157}"
EndProject
Global
	GlobalSection(SolutionConfigurationPlatforms) = preSolution
		Debug|Any CPU = Debug|Any CPU
		Release|Any CPU = Release|Any CPU
	EndGlobalSection
	GlobalSection(ProjectConfigurationPlatforms) = postSolution
		{64036A14-569D-4342-8B0B-69CFB7B30157}.Debug|Any CPU.ActiveCfg = Debug|Any CPU
		{64036A14-569D-4342-8B0B-69CFB7B30157}.Debug|Any CPU.Build.0 = Debug|Any CPU
		{64036A14-569D-4342-8B0B-69CFB7B30157}.Release|Any CPU.ActiveCfg = Release|Any CPU
		{64036A14-569D-4342-8B0B-69CFB7B30157}.Release|Any CPU.Build.0 = Release|Any CPU
	EndGlobalSection
	GlobalSection(SolutionProperties) = preSolution
		HideSolutionNode = FALSE
	EndGlobalSection
	GlobalSection(ExtensibilityGlobals) = postSolution
		SolutionGuid = {CB51071F-6DD8-4312-A9C9-021EB085ABF6}
	EndGlobalSection
EndGlobal
