
Microsoft Visual Studio Solution File, Format Version 12.00
# Visual Studio Version 16
VisualStudioVersion = 16.0.29123.88
MinimumVisualStudioVersion = 10.0.40219.1
Project("{FAE04EC0-301F-11D3-BF4B-00C04F79EFBC}") = "Cap02_Ex04", "Cap02_Ex04.csproj", "{DF32F48F-C121-4AFF-B2B4-9030E0938FF3}"
EndProject
Global
	GlobalSection(SolutionConfigurationPlatforms) = preSolution
		Debug|Any CPU = Debug|Any CPU
		Release|Any CPU = Release|Any CPU
	EndGlobalSection
	GlobalSection(ProjectConfigurationPlatforms) = postSolution
		{DF32F48F-C121-4AFF-B2B4-9030E0938FF3}.Debug|Any CPU.ActiveCfg = Debug|Any CPU
		{DF32F48F-C121-4AFF-B2B4-9030E0938FF3}.Debug|Any CPU.Build.0 = Debug|Any CPU
		{DF32F48F-C121-4AFF-B2B4-9030E0938FF3}.Release|Any CPU.ActiveCfg = Release|Any CPU
		{DF32F48F-C121-4AFF-B2B4-9030E0938FF3}.Release|Any CPU.Build.0 = Release|Any CPU
	EndGlobalSection
	GlobalSection(SolutionProperties) = preSolution
		HideSolutionNode = FALSE
	EndGlobalSection
	GlobalSection(ExtensibilityGlobals) = postSolution
		SolutionGuid = {3378F5EF-436F-4760-88F3-83E15CDF4538}
	EndGlobalSection
EndGlobal
