
Microsoft Visual Studio Solution File, Format Version 12.00
# Visual Studio Version 16
VisualStudioVersion = 16.0.29409.12
MinimumVisualStudioVersion = 10.0.40219.1
Project("{FAE04EC0-301F-11D3-BF4B-00C04F79EFBC}") = "CondicionaisBooleana", "CondicionaisBooleana.csproj", "{AA5888F5-07F5-4D66-AEF1-E380F972EC77}"
EndProject
Global
	GlobalSection(SolutionConfigurationPlatforms) = preSolution
		Debug|Any CPU = Debug|Any CPU
		Release|Any CPU = Release|Any CPU
	EndGlobalSection
	GlobalSection(ProjectConfigurationPlatforms) = postSolution
		{AA5888F5-07F5-4D66-AEF1-E380F972EC77}.Debug|Any CPU.ActiveCfg = Debug|Any CPU
		{AA5888F5-07F5-4D66-AEF1-E380F972EC77}.Debug|Any CPU.Build.0 = Debug|Any CPU
		{AA5888F5-07F5-4D66-AEF1-E380F972EC77}.Release|Any CPU.ActiveCfg = Release|Any CPU
		{AA5888F5-07F5-4D66-AEF1-E380F972EC77}.Release|Any CPU.Build.0 = Release|Any CPU
	EndGlobalSection
	GlobalSection(SolutionProperties) = preSolution
		HideSolutionNode = FALSE
	EndGlobalSection
	GlobalSection(ExtensibilityGlobals) = postSolution
		SolutionGuid = {52DC15A1-3951-4CB2-904B-725459BD97C5}
	EndGlobalSection
EndGlobal
