
Microsoft Visual Studio Solution File, Format Version 12.00
# Visual Studio Version 16
VisualStudioVersion = 16.0.30611.23
MinimumVisualStudioVersion = 10.0.40219.1
Project("{FAE04EC0-301F-11D3-BF4B-00C04F79EFBC}") = "gasto_restaurante", "gasto_restaurante.csproj", "{D58A18D3-624D-439A-A71D-A5D9D4729967}"
EndProject
Global
	GlobalSection(SolutionConfigurationPlatforms) = preSolution
		Debug|Any CPU = Debug|Any CPU
		Release|Any CPU = Release|Any CPU
	EndGlobalSection
	GlobalSection(ProjectConfigurationPlatforms) = postSolution
		{D58A18D3-624D-439A-A71D-A5D9D4729967}.Debug|Any CPU.ActiveCfg = Debug|Any CPU
		{D58A18D3-624D-439A-A71D-A5D9D4729967}.Debug|Any CPU.Build.0 = Debug|Any CPU
		{D58A18D3-624D-439A-A71D-A5D9D4729967}.Release|Any CPU.ActiveCfg = Release|Any CPU
		{D58A18D3-624D-439A-A71D-A5D9D4729967}.Release|Any CPU.Build.0 = Release|Any CPU
	EndGlobalSection
	GlobalSection(SolutionProperties) = preSolution
		HideSolutionNode = FALSE
	EndGlobalSection
	GlobalSection(ExtensibilityGlobals) = postSolution
		SolutionGuid = {4B069BA9-17BD-45DC-9CF4-5731286B85F1}
	EndGlobalSection
EndGlobal
