
Microsoft Visual Studio Solution File, Format Version 12.00
# Visual Studio Version 16
VisualStudioVersion = 16.0.29806.167
MinimumVisualStudioVersion = 10.0.40219.1
Project("{FAE04EC0-301F-11D3-BF4B-00C04F79EFBC}") = "01-ByteBank", "01-ByteBank\01-ByteBank.csproj", "{F8D17FA0-AE57-4055-9FF1-B775CD9913F2}"
EndProject
Global
	GlobalSection(SolutionConfigurationPlatforms) = preSolution
		Debug|Any CPU = Debug|Any CPU
		Release|Any CPU = Release|Any CPU
	EndGlobalSection
	GlobalSection(ProjectConfigurationPlatforms) = postSolution
		{F8D17FA0-AE57-4055-9FF1-B775CD9913F2}.Debug|Any CPU.ActiveCfg = Debug|Any CPU
		{F8D17FA0-AE57-4055-9FF1-B775CD9913F2}.Debug|Any CPU.Build.0 = Debug|Any CPU
		{F8D17FA0-AE57-4055-9FF1-B775CD9913F2}.Release|Any CPU.ActiveCfg = Release|Any CPU
		{F8D17FA0-AE57-4055-9FF1-B775CD9913F2}.Release|Any CPU.Build.0 = Release|Any CPU
	EndGlobalSection
	GlobalSection(SolutionProperties) = preSolution
		HideSolutionNode = FALSE
	EndGlobalSection
	GlobalSection(ExtensibilityGlobals) = postSolution
		SolutionGuid = {3E290C54-F509-42C1-BADB-FE01104455E8}
	EndGlobalSection
EndGlobal
