
Microsoft Visual Studio Solution File, Format Version 12.00
# Visual Studio Version 16
VisualStudioVersion = 16.0.30611.23
MinimumVisualStudioVersion = 10.0.40219.1
Project("{FAE04EC0-301F-11D3-BF4B-00C04F79EFBC}") = "RestoDaDivisao", "RestoDaDivisao.csproj", "{A2484864-3BC8-4396-8728-966B4371F78B}"
EndProject
Global
	GlobalSection(SolutionConfigurationPlatforms) = preSolution
		Debug|Any CPU = Debug|Any CPU
		Release|Any CPU = Release|Any CPU
	EndGlobalSection
	GlobalSection(ProjectConfigurationPlatforms) = postSolution
		{A2484864-3BC8-4396-8728-966B4371F78B}.Debug|Any CPU.ActiveCfg = Debug|Any CPU
		{A2484864-3BC8-4396-8728-966B4371F78B}.Debug|Any CPU.Build.0 = Debug|Any CPU
		{A2484864-3BC8-4396-8728-966B4371F78B}.Release|Any CPU.ActiveCfg = Release|Any CPU
		{A2484864-3BC8-4396-8728-966B4371F78B}.Release|Any CPU.Build.0 = Release|Any CPU
	EndGlobalSection
	GlobalSection(SolutionProperties) = preSolution
		HideSolutionNode = FALSE
	EndGlobalSection
	GlobalSection(ExtensibilityGlobals) = postSolution
		SolutionGuid = {A22E1AFE-715C-4488-B03C-D931C1BB1136}
	EndGlobalSection
EndGlobal
